
Microsoft Visual Studio Solution File, Format Version 12.00
# Visual Studio 15
VisualStudioVersion = 15.0.28307.1267
MinimumVisualStudioVersion = 10.0.40219.1
Project("{FAE04EC0-301F-11D3-BF4B-00C04F79EFBC}") = "SST", "SST\SST.csproj", "{14BD4ED8-0771-4D52-A079-B547823C341F}"
EndProject
Global
	GlobalSection(SolutionConfigurationPlatforms) = preSolution
		Debug|Any CPU = Debug|Any CPU
		Release|Any CPU = Release|Any CPU
	EndGlobalSection
	GlobalSection(ProjectConfigurationPlatforms) = postSolution
		{14BD4ED8-0771-4D52-A079-B547823C341F}.Debug|Any CPU.ActiveCfg = Debug|Any CPU
		{14BD4ED8-0771-4D52-A079-B547823C341F}.Debug|Any CPU.Build.0 = Debug|Any CPU
		{14BD4ED8-0771-4D52-A079-B547823C341F}.Release|Any CPU.ActiveCfg = Release|Any CPU
		{14BD4ED8-0771-4D52-A079-B547823C341F}.Release|Any CPU.Build.0 = Release|Any CPU
	EndGlobalSection
	GlobalSection(SolutionProperties) = preSolution
		HideSolutionNode = FALSE
	EndGlobalSection
	GlobalSection(ExtensibilityGlobals) = postSolution
		SolutionGuid = {A7F4B2B4-F171-47ED-9D58-9BC57C579704}
	EndGlobalSection
EndGlobal
